
Microsoft Visual Studio Solution File, Format Version 12.00
# Visual Studio Version 16
Project("{8BC9CEB8-8B4A-11D0-8D11-00A0C91BC942}") = "ALL_BUILD", "ALL_BUILD.vcxproj", "{E88DABD6-B858-3141-9CF6-82CBBD30E47E}"
	ProjectSection(ProjectDependencies) = postProject
		{9ACE3FFE-F93C-362C-80F7-EA55DACB6B0F} = {9ACE3FFE-F93C-362C-80F7-EA55DACB6B0F}
		{BECEFB16-8311-3A5E-8AB5-479EC921F7EB} = {BECEFB16-8311-3A5E-8AB5-479EC921F7EB}
		{F9D84FF8-9967-302A-AF08-AB90D554CF96} = {F9D84FF8-9967-302A-AF08-AB90D554CF96}
		{B9625B5B-7C2A-344E-A600-3143A6AF7271} = {B9625B5B-7C2A-344E-A600-3143A6AF7271}
		{448DB301-2E74-3584-A7DB-6E2AB1669754} = {448DB301-2E74-3584-A7DB-6E2AB1669754}
		{FB8A63C0-5020-30D9-9490-675739A27809} = {FB8A63C0-5020-30D9-9490-675739A27809}
		{C03953EF-9542-3D5D-ABEF-51B65C15F6EB} = {C03953EF-9542-3D5D-ABEF-51B65C15F6EB}
		{27BDED02-C2F9-363B-A9EE-736E3D91D905} = {27BDED02-C2F9-363B-A9EE-736E3D91D905}
	EndProjectSection
EndProject
Project("{8BC9CEB8-8B4A-11D0-8D11-00A0C91BC942}") = "INSTALL", "INSTALL.vcxproj", "{7EEAA40D-E63A-3299-B762-A389F2DDA7CB}"
	ProjectSection(ProjectDependencies) = postProject
		{E88DABD6-B858-3141-9CF6-82CBBD30E47E} = {E88DABD6-B858-3141-9CF6-82CBBD30E47E}
		{BECEFB16-8311-3A5E-8AB5-479EC921F7EB} = {BECEFB16-8311-3A5E-8AB5-479EC921F7EB}
	EndProjectSection
EndProject
Project("{8BC9CEB8-8B4A-11D0-8D11-00A0C91BC942}") = "IrrXML", "contrib\irrXML\IrrXML.vcxproj", "{9ACE3FFE-F93C-362C-80F7-EA55DACB6B0F}"
	ProjectSection(ProjectDependencies) = postProject
		{BECEFB16-8311-3A5E-8AB5-479EC921F7EB} = {BECEFB16-8311-3A5E-8AB5-479EC921F7EB}
	EndProjectSection
EndProject
Project("{8BC9CEB8-8B4A-11D0-8D11-00A0C91BC942}") = "UpdateAssimpLibsDebugSymbolsAndDLLs", "UpdateAssimpLibsDebugSymbolsAndDLLs.vcxproj", "{AE6F4078-7495-3CA0-BAA6-04B3068E666B}"
	ProjectSection(ProjectDependencies) = postProject
		{BECEFB16-8311-3A5E-8AB5-479EC921F7EB} = {BECEFB16-8311-3A5E-8AB5-479EC921F7EB}
	EndProjectSection
EndProject
Project("{8BC9CEB8-8B4A-11D0-8D11-00A0C91BC942}") = "ZERO_CHECK", "ZERO_CHECK.vcxproj", "{BECEFB16-8311-3A5E-8AB5-479EC921F7EB}"
	ProjectSection(ProjectDependencies) = postProject
	EndProjectSection
EndProject
Project("{8BC9CEB8-8B4A-11D0-8D11-00A0C91BC942}") = "assimp", "code\assimp.vcxproj", "{F9D84FF8-9967-302A-AF08-AB90D554CF96}"
	ProjectSection(ProjectDependencies) = postProject
		{9ACE3FFE-F93C-362C-80F7-EA55DACB6B0F} = {9ACE3FFE-F93C-362C-80F7-EA55DACB6B0F}
		{BECEFB16-8311-3A5E-8AB5-479EC921F7EB} = {BECEFB16-8311-3A5E-8AB5-479EC921F7EB}
		{27BDED02-C2F9-363B-A9EE-736E3D91D905} = {27BDED02-C2F9-363B-A9EE-736E3D91D905}
	EndProjectSection
EndProject
Project("{8BC9CEB8-8B4A-11D0-8D11-00A0C91BC942}") = "assimp_cmd", "tools\assimp_cmd\assimp_cmd.vcxproj", "{B9625B5B-7C2A-344E-A600-3143A6AF7271}"
	ProjectSection(ProjectDependencies) = postProject
		{9ACE3FFE-F93C-362C-80F7-EA55DACB6B0F} = {9ACE3FFE-F93C-362C-80F7-EA55DACB6B0F}
		{BECEFB16-8311-3A5E-8AB5-479EC921F7EB} = {BECEFB16-8311-3A5E-8AB5-479EC921F7EB}
		{F9D84FF8-9967-302A-AF08-AB90D554CF96} = {F9D84FF8-9967-302A-AF08-AB90D554CF96}
		{27BDED02-C2F9-363B-A9EE-736E3D91D905} = {27BDED02-C2F9-363B-A9EE-736E3D91D905}
	EndProjectSection
EndProject
Project("{8BC9CEB8-8B4A-11D0-8D11-00A0C91BC942}") = "assimp_viewer", "tools\assimp_view\assimp_viewer.vcxproj", "{448DB301-2E74-3584-A7DB-6E2AB1669754}"
	ProjectSection(ProjectDependencies) = postProject
		{9ACE3FFE-F93C-362C-80F7-EA55DACB6B0F} = {9ACE3FFE-F93C-362C-80F7-EA55DACB6B0F}
		{BECEFB16-8311-3A5E-8AB5-479EC921F7EB} = {BECEFB16-8311-3A5E-8AB5-479EC921F7EB}
		{F9D84FF8-9967-302A-AF08-AB90D554CF96} = {F9D84FF8-9967-302A-AF08-AB90D554CF96}
		{27BDED02-C2F9-363B-A9EE-736E3D91D905} = {27BDED02-C2F9-363B-A9EE-736E3D91D905}
	EndProjectSection
EndProject
Project("{8BC9CEB8-8B4A-11D0-8D11-00A0C91BC942}") = "uninstall", "uninstall.vcxproj", "{9D37E8A2-59F0-3465-A0F7-4F694F9A3C67}"
	ProjectSection(ProjectDependencies) = postProject
		{BECEFB16-8311-3A5E-8AB5-479EC921F7EB} = {BECEFB16-8311-3A5E-8AB5-479EC921F7EB}
	EndProjectSection
EndProject
Project("{8BC9CEB8-8B4A-11D0-8D11-00A0C91BC942}") = "unit", "test\unit.vcxproj", "{FB8A63C0-5020-30D9-9490-675739A27809}"
	ProjectSection(ProjectDependencies) = postProject
		{9ACE3FFE-F93C-362C-80F7-EA55DACB6B0F} = {9ACE3FFE-F93C-362C-80F7-EA55DACB6B0F}
		{BECEFB16-8311-3A5E-8AB5-479EC921F7EB} = {BECEFB16-8311-3A5E-8AB5-479EC921F7EB}
		{F9D84FF8-9967-302A-AF08-AB90D554CF96} = {F9D84FF8-9967-302A-AF08-AB90D554CF96}
		{27BDED02-C2F9-363B-A9EE-736E3D91D905} = {27BDED02-C2F9-363B-A9EE-736E3D91D905}
	EndProjectSection
EndProject
Project("{8BC9CEB8-8B4A-11D0-8D11-00A0C91BC942}") = "zlib", "contrib\zlib\zlib.vcxproj", "{C03953EF-9542-3D5D-ABEF-51B65C15F6EB}"
	ProjectSection(ProjectDependencies) = postProject
		{BECEFB16-8311-3A5E-8AB5-479EC921F7EB} = {BECEFB16-8311-3A5E-8AB5-479EC921F7EB}
	EndProjectSection
EndProject
Project("{8BC9CEB8-8B4A-11D0-8D11-00A0C91BC942}") = "zlibstatic", "contrib\zlib\zlibstatic.vcxproj", "{27BDED02-C2F9-363B-A9EE-736E3D91D905}"
	ProjectSection(ProjectDependencies) = postProject
		{BECEFB16-8311-3A5E-8AB5-479EC921F7EB} = {BECEFB16-8311-3A5E-8AB5-479EC921F7EB}
	EndProjectSection
EndProject
Global
	GlobalSection(SolutionConfigurationPlatforms) = preSolution
		Debug|x64 = Debug|x64
		Release|x64 = Release|x64
		MinSizeRel|x64 = MinSizeRel|x64
		RelWithDebInfo|x64 = RelWithDebInfo|x64
	EndGlobalSection
	GlobalSection(ProjectConfigurationPlatforms) = postSolution
		{E88DABD6-B858-3141-9CF6-82CBBD30E47E}.Debug|x64.ActiveCfg = Debug|x64
		{E88DABD6-B858-3141-9CF6-82CBBD30E47E}.Debug|x64.Build.0 = Debug|x64
		{E88DABD6-B858-3141-9CF6-82CBBD30E47E}.Release|x64.ActiveCfg = Release|x64
		{E88DABD6-B858-3141-9CF6-82CBBD30E47E}.Release|x64.Build.0 = Release|x64
		{E88DABD6-B858-3141-9CF6-82CBBD30E47E}.MinSizeRel|x64.ActiveCfg = MinSizeRel|x64
		{E88DABD6-B858-3141-9CF6-82CBBD30E47E}.MinSizeRel|x64.Build.0 = MinSizeRel|x64
		{E88DABD6-B858-3141-9CF6-82CBBD30E47E}.RelWithDebInfo|x64.ActiveCfg = RelWithDebInfo|x64
		{E88DABD6-B858-3141-9CF6-82CBBD30E47E}.RelWithDebInfo|x64.Build.0 = RelWithDebInfo|x64
		{7EEAA40D-E63A-3299-B762-A389F2DDA7CB}.Debug|x64.ActiveCfg = Debug|x64
		{7EEAA40D-E63A-3299-B762-A389F2DDA7CB}.Release|x64.ActiveCfg = Release|x64
		{7EEAA40D-E63A-3299-B762-A389F2DDA7CB}.MinSizeRel|x64.ActiveCfg = MinSizeRel|x64
		{7EEAA40D-E63A-3299-B762-A389F2DDA7CB}.RelWithDebInfo|x64.ActiveCfg = RelWithDebInfo|x64
		{9ACE3FFE-F93C-362C-80F7-EA55DACB6B0F}.Debug|x64.ActiveCfg = Debug|x64
		{9ACE3FFE-F93C-362C-80F7-EA55DACB6B0F}.Debug|x64.Build.0 = Debug|x64
		{9ACE3FFE-F93C-362C-80F7-EA55DACB6B0F}.Release|x64.ActiveCfg = Release|x64
		{9ACE3FFE-F93C-362C-80F7-EA55DACB6B0F}.Release|x64.Build.0 = Release|x64
		{9ACE3FFE-F93C-362C-80F7-EA55DACB6B0F}.MinSizeRel|x64.ActiveCfg = MinSizeRel|x64
		{9ACE3FFE-F93C-362C-80F7-EA55DACB6B0F}.MinSizeRel|x64.Build.0 = MinSizeRel|x64
		{9ACE3FFE-F93C-362C-80F7-EA55DACB6B0F}.RelWithDebInfo|x64.ActiveCfg = RelWithDebInfo|x64
		{9ACE3FFE-F93C-362C-80F7-EA55DACB6B0F}.RelWithDebInfo|x64.Build.0 = RelWithDebInfo|x64
		{AE6F4078-7495-3CA0-BAA6-04B3068E666B}.Debug|x64.ActiveCfg = Debug|x64
		{AE6F4078-7495-3CA0-BAA6-04B3068E666B}.Release|x64.ActiveCfg = Release|x64
		{AE6F4078-7495-3CA0-BAA6-04B3068E666B}.MinSizeRel|x64.ActiveCfg = MinSizeRel|x64
		{AE6F4078-7495-3CA0-BAA6-04B3068E666B}.RelWithDebInfo|x64.ActiveCfg = RelWithDebInfo|x64
		{BECEFB16-8311-3A5E-8AB5-479EC921F7EB}.Debug|x64.ActiveCfg = Debug|x64
		{BECEFB16-8311-3A5E-8AB5-479EC921F7EB}.Debug|x64.Build.0 = Debug|x64
		{BECEFB16-8311-3A5E-8AB5-479EC921F7EB}.Release|x64.ActiveCfg = Release|x64
		{BECEFB16-8311-3A5E-8AB5-479EC921F7EB}.Release|x64.Build.0 = Release|x64
		{BECEFB16-8311-3A5E-8AB5-479EC921F7EB}.MinSizeRel|x64.ActiveCfg = MinSizeRel|x64
		{BECEFB16-8311-3A5E-8AB5-479EC921F7EB}.MinSizeRel|x64.Build.0 = MinSizeRel|x64
		{BECEFB16-8311-3A5E-8AB5-479EC921F7EB}.RelWithDebInfo|x64.ActiveCfg = RelWithDebInfo|x64
		{BECEFB16-8311-3A5E-8AB5-479EC921F7EB}.RelWithDebInfo|x64.Build.0 = RelWithDebInfo|x64
		{F9D84FF8-9967-302A-AF08-AB90D554CF96}.Debug|x64.ActiveCfg = Debug|x64
		{F9D84FF8-9967-302A-AF08-AB90D554CF96}.Debug|x64.Build.0 = Debug|x64
		{F9D84FF8-9967-302A-AF08-AB90D554CF96}.Release|x64.ActiveCfg = Release|x64
		{F9D84FF8-9967-302A-AF08-AB90D554CF96}.Release|x64.Build.0 = Release|x64
		{F9D84FF8-9967-302A-AF08-AB90D554CF96}.MinSizeRel|x64.ActiveCfg = MinSizeRel|x64
		{F9D84FF8-9967-302A-AF08-AB90D554CF96}.MinSizeRel|x64.Build.0 = MinSizeRel|x64
		{F9D84FF8-9967-302A-AF08-AB90D554CF96}.RelWithDebInfo|x64.ActiveCfg = RelWithDebInfo|x64
		{F9D84FF8-9967-302A-AF08-AB90D554CF96}.RelWithDebInfo|x64.Build.0 = RelWithDebInfo|x64
		{B9625B5B-7C2A-344E-A600-3143A6AF7271}.Debug|x64.ActiveCfg = Debug|x64
		{B9625B5B-7C2A-344E-A600-3143A6AF7271}.Debug|x64.Build.0 = Debug|x64
		{B9625B5B-7C2A-344E-A600-3143A6AF7271}.Release|x64.ActiveCfg = Release|x64
		{B9625B5B-7C2A-344E-A600-3143A6AF7271}.Release|x64.Build.0 = Release|x64
		{B9625B5B-7C2A-344E-A600-3143A6AF7271}.MinSizeRel|x64.ActiveCfg = MinSizeRel|x64
		{B9625B5B-7C2A-344E-A600-3143A6AF7271}.MinSizeRel|x64.Build.0 = MinSizeRel|x64
		{B9625B5B-7C2A-344E-A600-3143A6AF7271}.RelWithDebInfo|x64.ActiveCfg = RelWithDebInfo|x64
		{B9625B5B-7C2A-344E-A600-3143A6AF7271}.RelWithDebInfo|x64.Build.0 = RelWithDebInfo|x64
		{448DB301-2E74-3584-A7DB-6E2AB1669754}.Debug|x64.ActiveCfg = Debug|x64
		{448DB301-2E74-3584-A7DB-6E2AB1669754}.Debug|x64.Build.0 = Debug|x64
		{448DB301-2E74-3584-A7DB-6E2AB1669754}.Release|x64.ActiveCfg = Release|x64
		{448DB301-2E74-3584-A7DB-6E2AB1669754}.Release|x64.Build.0 = Release|x64
		{448DB301-2E74-3584-A7DB-6E2AB1669754}.MinSizeRel|x64.ActiveCfg = MinSizeRel|x64
		{448DB301-2E74-3584-A7DB-6E2AB1669754}.MinSizeRel|x64.Build.0 = MinSizeRel|x64
		{448DB301-2E74-3584-A7DB-6E2AB1669754}.RelWithDebInfo|x64.ActiveCfg = RelWithDebInfo|x64
		{448DB301-2E74-3584-A7DB-6E2AB1669754}.RelWithDebInfo|x64.Build.0 = RelWithDebInfo|x64
		{9D37E8A2-59F0-3465-A0F7-4F694F9A3C67}.Debug|x64.ActiveCfg = Debug|x64
		{9D37E8A2-59F0-3465-A0F7-4F694F9A3C67}.Release|x64.ActiveCfg = Release|x64
		{9D37E8A2-59F0-3465-A0F7-4F694F9A3C67}.MinSizeRel|x64.ActiveCfg = MinSizeRel|x64
		{9D37E8A2-59F0-3465-A0F7-4F694F9A3C67}.RelWithDebInfo|x64.ActiveCfg = RelWithDebInfo|x64
		{FB8A63C0-5020-30D9-9490-675739A27809}.Debug|x64.ActiveCfg = Debug|x64
		{FB8A63C0-5020-30D9-9490-675739A27809}.Debug|x64.Build.0 = Debug|x64
		{FB8A63C0-5020-30D9-9490-675739A27809}.Release|x64.ActiveCfg = Release|x64
		{FB8A63C0-5020-30D9-9490-675739A27809}.Release|x64.Build.0 = Release|x64
		{FB8A63C0-5020-30D9-9490-675739A27809}.MinSizeRel|x64.ActiveCfg = MinSizeRel|x64
		{FB8A63C0-5020-30D9-9490-675739A27809}.MinSizeRel|x64.Build.0 = MinSizeRel|x64
		{FB8A63C0-5020-30D9-9490-675739A27809}.RelWithDebInfo|x64.ActiveCfg = RelWithDebInfo|x64
		{FB8A63C0-5020-30D9-9490-675739A27809}.RelWithDebInfo|x64.Build.0 = RelWithDebInfo|x64
		{C03953EF-9542-3D5D-ABEF-51B65C15F6EB}.Debug|x64.ActiveCfg = Debug|x64
		{C03953EF-9542-3D5D-ABEF-51B65C15F6EB}.Debug|x64.Build.0 = Debug|x64
		{C03953EF-9542-3D5D-ABEF-51B65C15F6EB}.Release|x64.ActiveCfg = Release|x64
		{C03953EF-9542-3D5D-ABEF-51B65C15F6EB}.Release|x64.Build.0 = Release|x64
		{C03953EF-9542-3D5D-ABEF-51B65C15F6EB}.MinSizeRel|x64.ActiveCfg = MinSizeRel|x64
		{C03953EF-9542-3D5D-ABEF-51B65C15F6EB}.MinSizeRel|x64.Build.0 = MinSizeRel|x64
		{C03953EF-9542-3D5D-ABEF-51B65C15F6EB}.RelWithDebInfo|x64.ActiveCfg = RelWithDebInfo|x64
		{C03953EF-9542-3D5D-ABEF-51B65C15F6EB}.RelWithDebInfo|x64.Build.0 = RelWithDebInfo|x64
		{27BDED02-C2F9-363B-A9EE-736E3D91D905}.Debug|x64.ActiveCfg = Debug|x64
		{27BDED02-C2F9-363B-A9EE-736E3D91D905}.Debug|x64.Build.0 = Debug|x64
		{27BDED02-C2F9-363B-A9EE-736E3D91D905}.Release|x64.ActiveCfg = Release|x64
		{27BDED02-C2F9-363B-A9EE-736E3D91D905}.Release|x64.Build.0 = Release|x64
		{27BDED02-C2F9-363B-A9EE-736E3D91D905}.MinSizeRel|x64.ActiveCfg = MinSizeRel|x64
		{27BDED02-C2F9-363B-A9EE-736E3D91D905}.MinSizeRel|x64.Build.0 = MinSizeRel|x64
		{27BDED02-C2F9-363B-A9EE-736E3D91D905}.RelWithDebInfo|x64.ActiveCfg = RelWithDebInfo|x64
		{27BDED02-C2F9-363B-A9EE-736E3D91D905}.RelWithDebInfo|x64.Build.0 = RelWithDebInfo|x64
	EndGlobalSection
	GlobalSection(ExtensibilityGlobals) = postSolution
		SolutionGuid = {49B97A18-4C65-3C28-B555-609FEC8F0831}
	EndGlobalSection
	GlobalSection(ExtensibilityAddIns) = postSolution
	EndGlobalSection
EndGlobal
