<?xml version="1.0" encoding="utf-8"?>
<Project ToolsVersion="16.0" xmlns="http://schemas.microsoft.com/developer/msbuild/2003">
  <ItemGroup>
    <CustomBuild Include="D:\OpenGL\assimp-5.0.1\CMakeFiles\0c320f8476c5958c553d68bdf947a38a\INSTALL_force.rule">
      <Filter>CMake Rules</Filter>
    </CustomBuild>
  </ItemGroup>
  <ItemGroup>
    <Filter Include="CMake Rules">
      <UniqueIdentifier>{598A25B9-AB31-3919-88B3-809260170E17}</UniqueIdentifier>
    </Filter>
  </ItemGroup>
</Project>
